# This file was autogenerated by Stack.
# You should not edit this file by hand.
# For more information, please see the documentation at:
#   https://docs.haskellstack.org/en/stable/lock_files

packages: []
snapshots:
- completed:
    size: 535257
    url: https://raw.githubusercontent.com/commercialhaskell/stackage-snapshots/master/lts/9/4.yaml
    sha256: 048de90695ce310738dca946a533c04372af64ea9db2e20fea7d8a9e28cfeb23
  original: lts-9.4
